// !$*UTF8*$!
{
	archiveVersion = 1;
	classes = {
	};
	objectVersion = 46;
	objects = {

/* Begin PBXBuildFile section */
		E468A62515EDFC78004525A8 /* UIKit.framework in Frameworks */ = {isa = PBXBuildFile; fileRef = E468A62415EDFC78004525A8 /* UIKit.framework */; };
		E468A62715EDFC78004525A8 /* Foundation.framework in Frameworks */ = {isa = PBXBuildFile; fileRef = E468A62615EDFC78004525A8 /* Foundation.framework */; };
		E468A62915EDFC78004525A8 /* CoreGraphics.framework in Frameworks */ = {isa = PBXBuildFile; fileRef = E468A62815EDFC78004525A8 /* CoreGraphics.framework */; };
		E468A62F15EDFC78004525A8 /* InfoPlist.strings in Resources */ = {isa = PBXBuildFile; fileRef = E468A62D15EDFC78004525A8 /* InfoPlist.strings */; };
		E468A63115EDFC78004525A8 /* main.m in Sources */ = {isa = PBXBuildFile; fileRef = E468A63015EDFC78004525A8 /* main.m */; };
		E468A63515EDFC78004525A8 /* AppDelegate.m in Sources */ = {isa = PBXBuildFile; fileRef = E468A63415EDFC78004525A8 /* AppDelegate.m */; };
		E468A63815EDFC78004525A8 /* MainStoryboard.storyboard in Resources */ = {isa = PBXBuildFile; fileRef = E468A63615EDFC78004525A8 /* MainStoryboard.storyboard */; };
		E468A63B15EDFC78004525A8 /* ViewController.m in Sources */ = {isa = PBXBuildFile; fileRef = E468A63A15EDFC78004525A8 /* ViewController.m */; };
/* End PBXBuildFile section */

/* Begin PBXFileReference section */
		E468A62015EDFC78004525A8 /* UnzipDemo.app */ = {isa = PBXFileReference; explicitFileType = wrapper.application; includeInIndex = 0; path = UnzipDemo.app; sourceTree = BUILT_PRODUCTS_DIR; };
		E468A62415EDFC78004525A8 /* UIKit.framework */ = {isa = PBXFileReference; lastKnownFileType = wrapper.framework; name = UIKit.framework; path = System/Library/Frameworks/UIKit.framework; sourceTree = SDKROOT; };
		E468A62615EDFC78004525A8 /* Foundation.framework */ = {isa = PBXFileReference; lastKnownFileType = wrapper.framework; name = Foundation.framework; path = System/Library/Frameworks/Foundation.framework; sourceTree = SDKROOT; };
		E468A62815EDFC78004525A8 /* CoreGraphics.framework */ = {isa = PBXFileReference; lastKnownFileType = wrapper.framework; name = CoreGraphics.framework; path = System/Library/Frameworks/CoreGraphics.framework; sourceTree = SDKROOT; };
		E468A62C15EDFC78004525A8 /* UnzipDemo-Info.plist */ = {isa = PBXFileReference; lastKnownFileType = text.plist.xml; path = "UnzipDemo-Info.plist"; sourceTree = "<group>"; };
		E468A62E15EDFC78004525A8 /* en */ = {isa = PBXFileReference; lastKnownFileType = text.plist.strings; name = en; path = en.lproj/InfoPlist.strings; sourceTree = "<group>"; };
		E468A63015EDFC78004525A8 /* main.m */ = {isa = PBXFileReference; lastKnownFileType = sourcecode.c.objc; path = main.m; sourceTree = "<group>"; };
		E468A63215EDFC78004525A8 /* UnzipDemo-Prefix.pch */ = {isa = PBXFileReference; lastKnownFileType = sourcecode.c.h; path = "UnzipDemo-Prefix.pch"; sourceTree = "<group>"; };
		E468A63315EDFC78004525A8 /* AppDelegate.h */ = {isa = PBXFileReference; lastKnownFileType = sourcecode.c.h; path = AppDelegate.h; sourceTree = "<group>"; };
		E468A63415EDFC78004525A8 /* AppDelegate.m */ = {isa = PBXFileReference; lastKnownFileType = sourcecode.c.objc; path = AppDelegate.m; sourceTree = "<group>"; };
		E468A63715EDFC78004525A8 /* en */ = {isa = PBXFileReference; lastKnownFileType = file.storyboard; name = en; path = en.lproj/MainStoryboard.storyboard; sourceTree = "<group>"; };
		E468A63915EDFC78004525A8 /* ViewController.h */ = {isa = PBXFileReference; lastKnownFileType = sourcecode.c.h; path = ViewController.h; sourceTree = "<group>"; };
		E468A63A15EDFC78004525A8 /* ViewController.m */ = {isa = PBXFileReference; lastKnownFileType = sourcecode.c.objc; path = ViewController.m; sourceTree = "<group>"; };
/* End PBXFileReference section */

/* Begin PBXFrameworksBuildPhase section */
		E468A61D15EDFC78004525A8 /* Frameworks */ = {
			isa = PBXFrameworksBuildPhase;
			buildActionMask = 2147483647;
			files = (
				E468A62515EDFC78004525A8 /* UIKit.framework in Frameworks */,
				E468A62715EDFC78004525A8 /* Foundation.framework in Frameworks */,
				E468A62915EDFC78004525A8 /* CoreGraphics.framework in Frameworks */,
			);
			runOnlyForDeploymentPostprocessing = 0;
		};
/* End PBXFrameworksBuildPhase section */

/* Begin PBXGroup section */
		E468A61515EDFC77004525A8 = {
			isa = PBXGroup;
			children = (
				E468A62A15EDFC78004525A8 /* UnzipDemo */,
				E468A62315EDFC78004525A8 /* Frameworks */,
				E468A62115EDFC78004525A8 /* Products */,
			);
			sourceTree = "<group>";
		};
		E468A62115EDFC78004525A8 /* Products */ = {
			isa = PBXGroup;
			children = (
				E468A62015EDFC78004525A8 /* UnzipDemo.app */,
			);
			name = Products;
			sourceTree = "<group>";
		};
		E468A62315EDFC78004525A8 /* Frameworks */ = {
			isa = PBXGroup;
			children = (
				E468A62415EDFC78004525A8 /* UIKit.framework */,
				E468A62615EDFC78004525A8 /* Foundation.framework */,
				E468A62815EDFC78004525A8 /* CoreGraphics.framework */,
			);
			name = Frameworks;
			sourceTree = "<group>";
		};
		E468A62A15EDFC78004525A8 /* UnzipDemo */ = {
			isa = PBXGroup;
			children = (
				E468A63315EDFC78004525A8 /* AppDelegate.h */,
				E468A63415EDFC78004525A8 /* AppDelegate.m */,
				E468A63615EDFC78004525A8 /* MainStoryboard.storyboard */,
				E468A63915EDFC78004525A8 /* ViewController.h */,
				E468A63A15EDFC78004525A8 /* ViewController.m */,
				E468A62B15EDFC78004525A8 /* Supporting Files */,
			);
			path = UnzipDemo;
			sourceTree = "<group>";
		};
		E468A62B15EDFC78004525A8 /* Supporting Files */ = {
			isa = PBXGroup;
			children = (
				E468A62C15EDFC78004525A8 /* UnzipDemo-Info.plist */,
				E468A62D15EDFC78004525A8 /* InfoPlist.strings */,
				E468A63015EDFC78004525A8 /* main.m */,
				E468A63215EDFC78004525A8 /* UnzipDemo-Prefix.pch */,
			);
			name = "Supporting Files";
			sourceTree = "<group>";
		};
/* End PBXGroup section */

/* Begin PBXNativeTarget section */
		E468A61F15EDFC78004525A8 /* UnzipDemo */ = {
			isa = PBXNativeTarget;
			buildConfigurationList = E468A63E15EDFC78004525A8 /* Build configuration list for PBXNativeTarget "UnzipDemo" */;
			buildPhases = (
				E468A61C15EDFC78004525A8 /* Sources */,
				E468A61D15EDFC78004525A8 /* Frameworks */,
				E468A61E15EDFC78004525A8 /* Resources */,
			);
			buildRules = (
			);
			dependencies = (
			);
			name = UnzipDemo;
			productName = UnzipDemo;
			productReference = E468A62015EDFC78004525A8 /* UnzipDemo.app */;
			productType = "com.apple.product-type.application";
		};
/* End PBXNativeTarget section */

/* Begin PBXProject section */
		E468A61715EDFC77004525A8 /* Project object */ = {
			isa = PBXProject;
			attributes = {
				LastUpgradeCheck = 0430;
				ORGANIZATIONNAME = GLuck;
			};
			buildConfigurationList = E468A61A15EDFC77004525A8 /* Build configuration list for PBXProject "UnzipDemo" */;
			compatibilityVersion = "Xcode 3.2";
			developmentRegion = English;
			hasScannedForEncodings = 0;
			knownRegions = (
				en,
			);
			mainGroup = E468A61515EDFC77004525A8;
			productRefGroup = E468A62115EDFC78004525A8 /* Products */;
			projectDirPath = "";
			projectRoot = "";
			targets = (
				E468A61F15EDFC78004525A8 /* UnzipDemo */,
			);
		};
/* End PBXProject section */

/* Begin PBXResourcesBuildPhase section */
		E468A61E15EDFC78004525A8 /* Resources */ = {
			isa = PBXResourcesBuildPhase;
			buildActionMask = 2147483647;
			files = (
				E468A62F15EDFC78004525A8 /* InfoPlist.strings in Resources */,
				E468A63815EDFC78004525A8 /* MainStoryboard.storyboard in Resources */,
			);
			runOnlyForDeploymentPostprocessing = 0;
		};
/* End PBXResourcesBuildPhase section */

/* Begin PBXSourcesBuildPhase section */
		E468A61C15EDFC78004525A8 /* Sources */ = {
			isa = PBXSourcesBuildPhase;
			buildActionMask = 2147483647;
			files = (
				E468A63115EDFC78004525A8 /* main.m in Sources */,
				E468A63515EDFC78004525A8 /* AppDelegate.m in Sources */,
				E468A63B15EDFC78004525A8 /* ViewController.m in Sources */,
			);
			runOnlyForDeploymentPostprocessing = 0;
		};
/* End PBXSourcesBuildPhase section */

/* Begin PBXVariantGroup section */
		E468A62D15EDFC78004525A8 /* InfoPlist.strings */ = {
			isa = PBXVariantGroup;
			children = (
				E468A62E15EDFC78004525A8 /* en */,
			);
			name = InfoPlist.strings;
			sourceTree = "<group>";
		};
		E468A63615EDFC78004525A8 /* MainStoryboard.storyboard */ = {
			isa = PBXVariantGroup;
			children = (
				E468A63715EDFC78004525A8 /* en */,
			);
			name = MainStoryboard.storyboard;
			sourceTree = "<group>";
		};
/* End PBXVariantGroup section */

/* Begin XCBuildConfiguration section */
		E468A63C15EDFC78004525A8 /* Debug */ = {
			isa = XCBuildConfiguration;
			buildSettings = {
				ALWAYS_SEARCH_USER_PATHS = NO;
				ARCHS = "$(ARCHS_STANDARD_32_BIT)";
				CLANG_ENABLE_OBJC_ARC = YES;
				"CODE_SIGN_IDENTITY[sdk=iphoneos*]" = "iPhone Developer";
				COPY_PHASE_STRIP = NO;
				GCC_C_LANGUAGE_STANDARD = gnu99;
				GCC_DYNAMIC_NO_PIC = NO;
				GCC_OPTIMIZATION_LEVEL = 0;
				GCC_PREPROCESSOR_DEFINITIONS = (
					"DEBUG=1",
					"$(inherited)",
				);
				GCC_SYMBOLS_PRIVATE_EXTERN = NO;
				GCC_VERSION = com.apple.compilers.llvm.clang.1_0;
				GCC_WARN_ABOUT_RETURN_TYPE = YES;
				GCC_WARN_UNINITIALIZED_AUTOS = YES;
				GCC_WARN_UNUSED_VARIABLE = YES;
				IPHONEOS_DEPLOYMENT_TARGET = 5.1;
				SDKROOT = iphoneos;
			};
			name = Debug;
		};
		E468A63D15EDFC78004525A8 /* Release */ = {
			isa = XCBuildConfiguration;
			buildSettings = {
				ALWAYS_SEARCH_USER_PATHS = NO;
				ARCHS = "$(ARCHS_STANDARD_32_BIT)";
				CLANG_ENABLE_OBJC_ARC = YES;
				"CODE_SIGN_IDENTITY[sdk=iphoneos*]" = "iPhone Developer";
				COPY_PHASE_STRIP = YES;
				GCC_C_LANGUAGE_STANDARD = gnu99;
				GCC_VERSION = com.apple.compilers.llvm.clang.1_0;
				GCC_WARN_ABOUT_RETURN_TYPE = YES;
				GCC_WARN_UNINITIALIZED_AUTOS = YES;
				GCC_WARN_UNUSED_VARIABLE = YES;
				IPHONEOS_DEPLOYMENT_TARGET = 5.1;
				OTHER_CFLAGS = "-DNS_BLOCK_ASSERTIONS=1";
				SDKROOT = iphoneos;
				VALIDATE_PRODUCT = YES;
			};
			name = Release;
		};
		E468A63F15EDFC78004525A8 /* Debug */ = {
			isa = XCBuildConfiguration;
			buildSettings = {
				GCC_PRECOMPILE_PREFIX_HEADER = YES;
				GCC_PREFIX_HEADER = "UnzipDemo/UnzipDemo-Prefix.pch";
				INFOPLIST_FILE = "UnzipDemo/UnzipDemo-Info.plist";
				PRODUCT_NAME = "$(TARGET_NAME)";
				WRAPPER_EXTENSION = app;
			};
			name = Debug;
		};
		E468A64015EDFC78004525A8 /* Release */ = {
			isa = XCBuildConfiguration;
			buildSettings = {
				GCC_PRECOMPILE_PREFIX_HEADER = YES;
				GCC_PREFIX_HEADER = "UnzipDemo/UnzipDemo-Prefix.pch";
				INFOPLIST_FILE = "UnzipDemo/UnzipDemo-Info.plist";
				PRODUCT_NAME = "$(TARGET_NAME)";
				WRAPPER_EXTENSION = app;
			};
			name = Release;
		};
/* End XCBuildConfiguration section */

/* Begin XCConfigurationList section */
		E468A61A15EDFC77004525A8 /* Build configuration list for PBXProject "UnzipDemo" */ = {
			isa = XCConfigurationList;
			buildConfigurations = (
				E468A63C15EDFC78004525A8 /* Debug */,
				E468A63D15EDFC78004525A8 /* Release */,
			);
			defaultConfigurationIsVisible = 0;
			defaultConfigurationName = Release;
		};
		E468A63E15EDFC78004525A8 /* Build configuration list for PBXNativeTarget "UnzipDemo" */ = {
			isa = XCConfigurationList;
			buildConfigurations = (
				E468A63F15EDFC78004525A8 /* Debug */,
				E468A64015EDFC78004525A8 /* Release */,
			);
			defaultConfigurationIsVisible = 0;
		};
/* End XCConfigurationList section */
	};
	rootObject = E468A61715EDFC77004525A8 /* Project object */;
}
